
Microsoft Visual Studio Solution File, Format Version 12.00
# Visual Studio Version 17
VisualStudioVersion = 17.0.31903.59
MinimumVisualStudioVersion = 10.0.40219.1
Project("{2150E333-8FDC-42A3-9474-1A3956D46DE8}") = "src", "src", "{378CCCF7-18D7-4F0E-9B7B-562D1AA5BDE6}"
EndProject
Project("{2150E333-8FDC-42A3-9474-1A3956D46DE8}") = "Base", "Base", "{B745A741-7CCA-4B95-8770-AFF5E3026244}"
EndProject
Project("{FAE04EC0-301F-11D3-BF4B-00C04F79EFBC}") = "Base.API", "src\Base\Base.API\Base.API.csproj", "{FED4D342-C5BD-473D-85BF-15487F0E0036}"
EndProject
Project("{FAE04EC0-301F-11D3-BF4B-00C04F79EFBC}") = "Base.Domain", "src\Base\Base.Domain\Base.Domain.csproj", "{73B7A068-8C17-464B-8337-448858230594}"
EndProject
Project("{FAE04EC0-301F-11D3-BF4B-00C04F79EFBC}") = "Base.Infrastructure", "src\Base\Base.Infrastructure\Base.Infrastructure.csproj", "{24B308F9-A732-4A0B-A157-E9B27E68DF52}"
EndProject
Project("{2150E333-8FDC-42A3-9474-1A3956D46DE8}") = "Shared", "Shared", "{8EE682A8-3068-43AE-9AD0-068430FD84C6}"
EndProject
Project("{FAE04EC0-301F-11D3-BF4B-00C04F79EFBC}") = "Shared.Lib", "src\Shared\Shared.Lib\Shared.Lib.csproj", "{52D2DB18-8E48-4D82-B987-20F45BC30996}"
EndProject
Project("{2150E333-8FDC-42A3-9474-1A3956D46DE8}") = "test", "test", "{A66453E3-8837-4E0C-9483-C6A942E5D924}"
EndProject
Project("{FAE04EC0-301F-11D3-BF4B-00C04F79EFBC}") = "Base.UnitTest", "test\Base.UnitTest\Base.UnitTest.csproj", "{1E1F4D96-765C-48C8-959A-5015DC2EDD21}"
EndProject
Global
	GlobalSection(SolutionConfigurationPlatforms) = preSolution
		Debug|Any CPU = Debug|Any CPU
		Release|Any CPU = Release|Any CPU
	EndGlobalSection
	GlobalSection(SolutionProperties) = preSolution
		HideSolutionNode = FALSE
	EndGlobalSection
	GlobalSection(ProjectConfigurationPlatforms) = postSolution
		{FED4D342-C5BD-473D-85BF-15487F0E0036}.Debug|Any CPU.ActiveCfg = Debug|Any CPU
		{FED4D342-C5BD-473D-85BF-15487F0E0036}.Debug|Any CPU.Build.0 = Debug|Any CPU
		{FED4D342-C5BD-473D-85BF-15487F0E0036}.Release|Any CPU.ActiveCfg = Release|Any CPU
		{FED4D342-C5BD-473D-85BF-15487F0E0036}.Release|Any CPU.Build.0 = Release|Any CPU
		{73B7A068-8C17-464B-8337-448858230594}.Debug|Any CPU.ActiveCfg = Debug|Any CPU
		{73B7A068-8C17-464B-8337-448858230594}.Debug|Any CPU.Build.0 = Debug|Any CPU
		{73B7A068-8C17-464B-8337-448858230594}.Release|Any CPU.ActiveCfg = Release|Any CPU
		{73B7A068-8C17-464B-8337-448858230594}.Release|Any CPU.Build.0 = Release|Any CPU
		{24B308F9-A732-4A0B-A157-E9B27E68DF52}.Debug|Any CPU.ActiveCfg = Debug|Any CPU
		{24B308F9-A732-4A0B-A157-E9B27E68DF52}.Debug|Any CPU.Build.0 = Debug|Any CPU
		{24B308F9-A732-4A0B-A157-E9B27E68DF52}.Release|Any CPU.ActiveCfg = Release|Any CPU
		{24B308F9-A732-4A0B-A157-E9B27E68DF52}.Release|Any CPU.Build.0 = Release|Any CPU
		{52D2DB18-8E48-4D82-B987-20F45BC30996}.Debug|Any CPU.ActiveCfg = Debug|Any CPU
		{52D2DB18-8E48-4D82-B987-20F45BC30996}.Debug|Any CPU.Build.0 = Debug|Any CPU
		{52D2DB18-8E48-4D82-B987-20F45BC30996}.Release|Any CPU.ActiveCfg = Release|Any CPU
		{52D2DB18-8E48-4D82-B987-20F45BC30996}.Release|Any CPU.Build.0 = Release|Any CPU
		{1E1F4D96-765C-48C8-959A-5015DC2EDD21}.Debug|Any CPU.ActiveCfg = Debug|Any CPU
		{1E1F4D96-765C-48C8-959A-5015DC2EDD21}.Debug|Any CPU.Build.0 = Debug|Any CPU
		{1E1F4D96-765C-48C8-959A-5015DC2EDD21}.Release|Any CPU.ActiveCfg = Release|Any CPU
		{1E1F4D96-765C-48C8-959A-5015DC2EDD21}.Release|Any CPU.Build.0 = Release|Any CPU
	EndGlobalSection
	GlobalSection(NestedProjects) = preSolution
		{B745A741-7CCA-4B95-8770-AFF5E3026244} = {378CCCF7-18D7-4F0E-9B7B-562D1AA5BDE6}
		{FED4D342-C5BD-473D-85BF-15487F0E0036} = {B745A741-7CCA-4B95-8770-AFF5E3026244}
		{73B7A068-8C17-464B-8337-448858230594} = {B745A741-7CCA-4B95-8770-AFF5E3026244}
		{24B308F9-A732-4A0B-A157-E9B27E68DF52} = {B745A741-7CCA-4B95-8770-AFF5E3026244}
		{8EE682A8-3068-43AE-9AD0-068430FD84C6} = {378CCCF7-18D7-4F0E-9B7B-562D1AA5BDE6}
		{52D2DB18-8E48-4D82-B987-20F45BC30996} = {8EE682A8-3068-43AE-9AD0-068430FD84C6}
		{1E1F4D96-765C-48C8-959A-5015DC2EDD21} = {A66453E3-8837-4E0C-9483-C6A942E5D924}
	EndGlobalSection
EndGlobal
